// !$*UTF8*$!
{
	archiveVersion = 1;
	classes = {
	};
	objectVersion = 46;
	objects = {

/* Begin PBXBuildFile section */
		9535689317CAE98C00F10339 /* UIKit.framework in Frameworks */ = {isa = PBXBuildFile; fileRef = 9535689217CAE98C00F10339 /* UIKit.framework */; };
		9535689517CAE98C00F10339 /* Foundation.framework in Frameworks */ = {isa = PBXBuildFile; fileRef = 9535689417CAE98C00F10339 /* Foundation.framework */; };
		9535689717CAE98C00F10339 /* CoreGraphics.framework in Frameworks */ = {isa = PBXBuildFile; fileRef = 9535689617CAE98C00F10339 /* CoreGraphics.framework */; };
		9535689D17CAE98C00F10339 /* InfoPlist.strings in Resources */ = {isa = PBXBuildFile; fileRef = 9535689B17CAE98C00F10339 /* InfoPlist.strings */; };
		9535689F17CAE98C00F10339 /* main.m in Sources */ = {isa = PBXBuildFile; fileRef = 9535689E17CAE98C00F10339 /* main.m */; };
		953568A317CAE98C00F10339 /* AppDelegate.m in Sources */ = {isa = PBXBuildFile; fileRef = 953568A217CAE98C00F10339 /* AppDelegate.m */; };
		953568A517CAE98C00F10339 /* Default.png in Resources */ = {isa = PBXBuildFile; fileRef = 953568A417CAE98C00F10339 /* Default.png */; };
		953568A717CAE98C00F10339 /* Default@2x.png in Resources */ = {isa = PBXBuildFile; fileRef = 953568A617CAE98C00F10339 /* Default@2x.png */; };
		953568A917CAE98C00F10339 /* Default-568h@2x.png in Resources */ = {isa = PBXBuildFile; fileRef = 953568A817CAE98C00F10339 /* Default-568h@2x.png */; };
		953568AC17CAE98C00F10339 /* ViewController.m in Sources */ = {isa = PBXBuildFile; fileRef = 953568AB17CAE98C00F10339 /* ViewController.m */; };
		953568AF17CAE98C00F10339 /* ViewController.xib in Resources */ = {isa = PBXBuildFile; fileRef = 953568AD17CAE98C00F10339 /* ViewController.xib */; };
		953568BA17CAFECD00F10339 /* MediaPlayer.framework in Frameworks */ = {isa = PBXBuildFile; fileRef = 953568B917CAFECD00F10339 /* MediaPlayer.framework */; };
		953568BC17CB511400F10339 /* haku.mov in Resources */ = {isa = PBXBuildFile; fileRef = 953568BB17CB511400F10339 /* haku.mov */; };
		954F2E1D17CB61CC00E0ED31 /* IMG_0024.MOV in Resources */ = {isa = PBXBuildFile; fileRef = 954F2E1C17CB61CC00E0ED31 /* IMG_0024.MOV */; };
		958650CD17CC39C8000DD252 /* NSString+Trim.m in Sources */ = {isa = PBXBuildFile; fileRef = 958650B817CC39C8000DD252 /* NSString+Trim.m */; settings = {COMPILER_FLAGS = "-fobjc-arc"; }; };
		958650CE17CC39C8000DD252 /* UIFont+Alert.m in Sources */ = {isa = PBXBuildFile; fileRef = 958650BA17CC39C8000DD252 /* UIFont+Alert.m */; };
		958650CF17CC39C8000DD252 /* UIView+Animations.m in Sources */ = {isa = PBXBuildFile; fileRef = 958650BC17CC39C8000DD252 /* UIView+Animations.m */; };
		958650D017CC39C8000DD252 /* MBAlertView.m in Sources */ = {isa = PBXBuildFile; fileRef = 958650BE17CC39C8000DD252 /* MBAlertView.m */; settings = {COMPILER_FLAGS = "-fobjc-arc"; }; };
		958650D117CC39C8000DD252 /* MBHUDView.m in Sources */ = {isa = PBXBuildFile; fileRef = 958650C017CC39C8000DD252 /* MBHUDView.m */; settings = {COMPILER_FLAGS = "-fobjc-arc"; }; };
		958650D217CC39C8000DD252 /* MBAlertViewItem.m in Sources */ = {isa = PBXBuildFile; fileRef = 958650C317CC39C8000DD252 /* MBAlertViewItem.m */; };
		958650D317CC39C8000DD252 /* MBAlertViewButton.m in Sources */ = {isa = PBXBuildFile; fileRef = 958650C817CC39C8000DD252 /* MBAlertViewButton.m */; };
		958650D417CC39C8000DD252 /* MBCheckMarkView.m in Sources */ = {isa = PBXBuildFile; fileRef = 958650CA17CC39C8000DD252 /* MBCheckMarkView.m */; settings = {COMPILER_FLAGS = "-fobjc-arc"; }; };
		958650D517CC39C8000DD252 /* MBSpinningCircle.m in Sources */ = {isa = PBXBuildFile; fileRef = 958650CC17CC39C8000DD252 /* MBSpinningCircle.m */; settings = {COMPILER_FLAGS = "-fobjc-arc"; }; };
		958650D717CC3B1F000DD252 /* QuartzCore.framework in Frameworks */ = {isa = PBXBuildFile; fileRef = 958650D617CC3B1F000DD252 /* QuartzCore.framework */; };
		958650D917CC94FC000DD252 /* AudioToolbox.framework in Frameworks */ = {isa = PBXBuildFile; fileRef = 958650D817CC94FC000DD252 /* AudioToolbox.framework */; };
		958650DC17CCADE7000DD252 /* DRTools.m in Sources */ = {isa = PBXBuildFile; fileRef = 958650DB17CCADE7000DD252 /* DRTools.m */; };
		9586511E17CEDF23000DD252 /* QuestionView.m in Sources */ = {isa = PBXBuildFile; fileRef = 9586511D17CEDF23000DD252 /* QuestionView.m */; };
		9586512117CEDFB4000DD252 /* MCTopAligningLabel.m in Sources */ = {isa = PBXBuildFile; fileRef = 9586512017CEDFB4000DD252 /* MCTopAligningLabel.m */; };
		9586512517CEE2C9000DD252 /* UILabel+CalHeight.m in Sources */ = {isa = PBXBuildFile; fileRef = 9586512417CEE2C9000DD252 /* UILabel+CalHeight.m */; };
		9586512817CEED28000DD252 /* LeftQuestionView.m in Sources */ = {isa = PBXBuildFile; fileRef = 9586512717CEED28000DD252 /* LeftQuestionView.m */; };
		9586512B17CF36DC000DD252 /* PopoverView.m in Sources */ = {isa = PBXBuildFile; fileRef = 9586512A17CF36DC000DD252 /* PopoverView.m */; };
		9586513317CF4C3E000DD252 /* playVC_Back.png in Resources */ = {isa = PBXBuildFile; fileRef = 9586512D17CF4C3E000DD252 /* playVC_Back.png */; };
		9586513417CF4C3E000DD252 /* playVC_pause.png in Resources */ = {isa = PBXBuildFile; fileRef = 9586512E17CF4C3E000DD252 /* playVC_pause.png */; };
		9586513517CF4C3E000DD252 /* playVC_play.png in Resources */ = {isa = PBXBuildFile; fileRef = 9586512F17CF4C3E000DD252 /* playVC_play.png */; };
		9586513617CF4C3E000DD252 /* playVC_pullButton.png in Resources */ = {isa = PBXBuildFile; fileRef = 9586513017CF4C3E000DD252 /* playVC_pullButton.png */; };
		9586513717CF4C3E000DD252 /* playVC_seekBack.png in Resources */ = {isa = PBXBuildFile; fileRef = 9586513117CF4C3E000DD252 /* playVC_seekBack.png */; };
		9586513817CF4C3E000DD252 /* playVC_seekForward.png in Resources */ = {isa = PBXBuildFile; fileRef = 9586513217CF4C3E000DD252 /* playVC_seekForward.png */; };
		9586513A17CF4E32000DD252 /* video.mp4 in Resources */ = {isa = PBXBuildFile; fileRef = 9586513917CF4E32000DD252 /* video.mp4 */; };
		9586513D17CF9BC6000DD252 /* playVC_volume_button.png in Resources */ = {isa = PBXBuildFile; fileRef = 9586513B17CF9BC6000DD252 /* playVC_volume_button.png */; };
		9586513E17CF9BC6000DD252 /* playVC_volume_slider.png in Resources */ = {isa = PBXBuildFile; fileRef = 9586513C17CF9BC6000DD252 /* playVC_volume_slider.png */; };
		9586514017CFA15F000DD252 /* playVC_play_slider.png in Resources */ = {isa = PBXBuildFile; fileRef = 9586513F17CFA15E000DD252 /* playVC_play_slider.png */; };
		9586514217CFA3E2000DD252 /* playVC_play_point.png in Resources */ = {isa = PBXBuildFile; fileRef = 9586514117CFA3E2000DD252 /* playVC_play_point.png */; };
		9586514617D0355F000DD252 /* AskViewController.m in Sources */ = {isa = PBXBuildFile; fileRef = 9586514517D0355F000DD252 /* AskViewController.m */; };
		9586514C17D03763000DD252 /* AskViewVC.xib in Resources */ = {isa = PBXBuildFile; fileRef = 9586514B17D03763000DD252 /* AskViewVC.xib */; };
		9586514F17D05D64000DD252 /* ask_nav_banner.png in Resources */ = {isa = PBXBuildFile; fileRef = 9586514D17D05D64000DD252 /* ask_nav_banner.png */; };
		9586515017D05D64000DD252 /* ask_pop_button.png in Resources */ = {isa = PBXBuildFile; fileRef = 9586514E17D05D64000DD252 /* ask_pop_button.png */; };
		9586515317D0621F000DD252 /* playVC_ask_button.png in Resources */ = {isa = PBXBuildFile; fileRef = 9586515117D0621F000DD252 /* playVC_ask_button.png */; };
		9586515417D0621F000DD252 /* playVC_line.png in Resources */ = {isa = PBXBuildFile; fileRef = 9586515217D0621F000DD252 /* playVC_line.png */; };
		9586515717D06E9D000DD252 /* SSTextView.m in Sources */ = {isa = PBXBuildFile; fileRef = 9586515617D06E9D000DD252 /* SSTextView.m */; };
		9586515917D074DB000DD252 /* ask_line.png in Resources */ = {isa = PBXBuildFile; fileRef = 9586515817D074DB000DD252 /* ask_line.png */; };
		9586515F17D07C10000DD252 /* ButtonsView.m in Sources */ = {isa = PBXBuildFile; fileRef = 9586515C17D07C10000DD252 /* ButtonsView.m */; };
		9586516017D07C10000DD252 /* PhotoWallView.m in Sources */ = {isa = PBXBuildFile; fileRef = 9586515E17D07C10000DD252 /* PhotoWallView.m */; };
		9586516317D07D97000DD252 /* AskUploadView.m in Sources */ = {isa = PBXBuildFile; fileRef = 9586516217D07D97000DD252 /* AskUploadView.m */; };
		9586516717D07FD1000DD252 /* ask_add_Image.png in Resources */ = {isa = PBXBuildFile; fileRef = 9586516417D07FD1000DD252 /* ask_add_Image.png */; };
		9586516817D07FD1000DD252 /* ask_addImage_bg.png in Resources */ = {isa = PBXBuildFile; fileRef = 9586516517D07FD1000DD252 /* ask_addImage_bg.png */; };
		9586516917D07FD1000DD252 /* ask_del_button.png in Resources */ = {isa = PBXBuildFile; fileRef = 9586516617D07FD1000DD252 /* ask_del_button.png */; };
		9586516C17D08A6D000DD252 /* test9@2x.png in Resources */ = {isa = PBXBuildFile; fileRef = 9586516A17D08A6D000DD252 /* test9@2x.png */; };
		9586516D17D08A6D000DD252 /* test10@2x.png in Resources */ = {isa = PBXBuildFile; fileRef = 9586516B17D08A6D000DD252 /* test10@2x.png */; };
		9586517317D08DF8000DD252 /* microphone.png in Resources */ = {isa = PBXBuildFile; fileRef = 9586516F17D08DF8000DD252 /* microphone.png */; };
		9586517417D08DF8000DD252 /* POVoiceHUD.m in Sources */ = {isa = PBXBuildFile; fileRef = 9586517117D08DF8000DD252 /* POVoiceHUD.m */; settings = {COMPILER_FLAGS = "-fobjc-arc"; }; };
		9586517617D091A4000DD252 /* AVFoundation.framework in Frameworks */ = {isa = PBXBuildFile; fileRef = 9586517517D091A4000DD252 /* AVFoundation.framework */; };
		9586517D17D099F3000DD252 /* ask_record_button.png in Resources */ = {isa = PBXBuildFile; fileRef = 9586517B17D099F2000DD252 /* ask_record_button.png */; };
		9586517E17D099F3000DD252 /* ask_record.png in Resources */ = {isa = PBXBuildFile; fileRef = 9586517C17D099F3000DD252 /* ask_record.png */; };
		95A46ABE17D0FE4F0068948B /* ask_record_delbutton.png in Resources */ = {isa = PBXBuildFile; fileRef = 95A46ABD17D0FE4F0068948B /* ask_record_delbutton.png */; };
		95A46AC217D21C600068948B /* askv_voice_play1.png in Resources */ = {isa = PBXBuildFile; fileRef = 95A46ABF17D21C600068948B /* askv_voice_play1.png */; };
		95A46AC317D21C600068948B /* askv_voice_play2.png in Resources */ = {isa = PBXBuildFile; fileRef = 95A46AC017D21C600068948B /* askv_voice_play2.png */; };
		95A46AC417D21C600068948B /* askv_voice_play3.png in Resources */ = {isa = PBXBuildFile; fileRef = 95A46AC117D21C600068948B /* askv_voice_play3.png */; };
		95A46AC717D24AF60068948B /* AskPictureModel.m in Sources */ = {isa = PBXBuildFile; fileRef = 95A46AC617D24AF60068948B /* AskPictureModel.m */; };
		95A46AC917D250CE0068948B /* ask_add_picture.png in Resources */ = {isa = PBXBuildFile; fileRef = 95A46AC817D250CE0068948B /* ask_add_picture.png */; };
		95A46AD517D2EA0F0068948B /* UIImage+Alpha.m in Sources */ = {isa = PBXBuildFile; fileRef = 95A46ACE17D2EA0F0068948B /* UIImage+Alpha.m */; };
		95A46AD617D2EA0F0068948B /* UIImage+Resize.m in Sources */ = {isa = PBXBuildFile; fileRef = 95A46AD017D2EA0F0068948B /* UIImage+Resize.m */; };
		95A46AD717D2EA0F0068948B /* UIImage+RoundedCorner.m in Sources */ = {isa = PBXBuildFile; fileRef = 95A46AD217D2EA0F0068948B /* UIImage+RoundedCorner.m */; };
		95A46AD817D2EA0F0068948B /* UIImage-Extensions.m in Sources */ = {isa = PBXBuildFile; fileRef = 95A46AD417D2EA0F0068948B /* UIImage-Extensions.m */; };
		95A46ADA17D340710068948B /* ask_submit_button.png in Resources */ = {isa = PBXBuildFile; fileRef = 95A46AD917D340710068948B /* ask_submit_button.png */; };
/* End PBXBuildFile section */

/* Begin PBXFileReference section */
		9535688F17CAE98C00F10339 /* PlayerTest.app */ = {isa = PBXFileReference; explicitFileType = wrapper.application; includeInIndex = 0; path = PlayerTest.app; sourceTree = BUILT_PRODUCTS_DIR; };
		9535689217CAE98C00F10339 /* UIKit.framework */ = {isa = PBXFileReference; lastKnownFileType = wrapper.framework; name = UIKit.framework; path = System/Library/Frameworks/UIKit.framework; sourceTree = SDKROOT; };
		9535689417CAE98C00F10339 /* Foundation.framework */ = {isa = PBXFileReference; lastKnownFileType = wrapper.framework; name = Foundation.framework; path = System/Library/Frameworks/Foundation.framework; sourceTree = SDKROOT; };
		9535689617CAE98C00F10339 /* CoreGraphics.framework */ = {isa = PBXFileReference; lastKnownFileType = wrapper.framework; name = CoreGraphics.framework; path = System/Library/Frameworks/CoreGraphics.framework; sourceTree = SDKROOT; };
		9535689A17CAE98C00F10339 /* PlayerTest-Info.plist */ = {isa = PBXFileReference; lastKnownFileType = text.plist.xml; path = "PlayerTest-Info.plist"; sourceTree = "<group>"; };
		9535689C17CAE98C00F10339 /* en */ = {isa = PBXFileReference; lastKnownFileType = text.plist.strings; name = en; path = en.lproj/InfoPlist.strings; sourceTree = "<group>"; };
		9535689E17CAE98C00F10339 /* main.m */ = {isa = PBXFileReference; lastKnownFileType = sourcecode.c.objc; path = main.m; sourceTree = "<group>"; };
		953568A017CAE98C00F10339 /* PlayerTest-Prefix.pch */ = {isa = PBXFileReference; lastKnownFileType = sourcecode.c.h; path = "PlayerTest-Prefix.pch"; sourceTree = "<group>"; };
		953568A117CAE98C00F10339 /* AppDelegate.h */ = {isa = PBXFileReference; lastKnownFileType = sourcecode.c.h; path = AppDelegate.h; sourceTree = "<group>"; };
		953568A217CAE98C00F10339 /* AppDelegate.m */ = {isa = PBXFileReference; lastKnownFileType = sourcecode.c.objc; path = AppDelegate.m; sourceTree = "<group>"; };
		953568A417CAE98C00F10339 /* Default.png */ = {isa = PBXFileReference; lastKnownFileType = image.png; path = Default.png; sourceTree = "<group>"; };
		953568A617CAE98C00F10339 /* Default@2x.png */ = {isa = PBXFileReference; lastKnownFileType = image.png; path = "Default@2x.png"; sourceTree = "<group>"; };
		953568A817CAE98C00F10339 /* Default-568h@2x.png */ = {isa = PBXFileReference; lastKnownFileType = image.png; path = "Default-568h@2x.png"; sourceTree = "<group>"; };
		953568AA17CAE98C00F10339 /* ViewController.h */ = {isa = PBXFileReference; lastKnownFileType = sourcecode.c.h; path = ViewController.h; sourceTree = "<group>"; };
		953568AB17CAE98C00F10339 /* ViewController.m */ = {isa = PBXFileReference; lastKnownFileType = sourcecode.c.objc; path = ViewController.m; sourceTree = "<group>"; };
		953568AE17CAE98C00F10339 /* en */ = {isa = PBXFileReference; lastKnownFileType = file.xib; name = en; path = en.lproj/ViewController.xib; sourceTree = "<group>"; };
		953568B917CAFECD00F10339 /* MediaPlayer.framework */ = {isa = PBXFileReference; lastKnownFileType = wrapper.framework; name = MediaPlayer.framework; path = System/Library/Frameworks/MediaPlayer.framework; sourceTree = SDKROOT; };
		953568BB17CB511400F10339 /* haku.mov */ = {isa = PBXFileReference; lastKnownFileType = video.quicktime; path = haku.mov; sourceTree = "<group>"; };
		954F2E1C17CB61CC00E0ED31 /* IMG_0024.MOV */ = {isa = PBXFileReference; lastKnownFileType = video.quicktime; path = IMG_0024.MOV; sourceTree = "<group>"; };
		958650B717CC39C8000DD252 /* NSString+Trim.h */ = {isa = PBXFileReference; fileEncoding = 4; lastKnownFileType = sourcecode.c.h; path = "NSString+Trim.h"; sourceTree = "<group>"; };
		958650B817CC39C8000DD252 /* NSString+Trim.m */ = {isa = PBXFileReference; fileEncoding = 4; lastKnownFileType = sourcecode.c.objc; path = "NSString+Trim.m"; sourceTree = "<group>"; };
		958650B917CC39C8000DD252 /* UIFont+Alert.h */ = {isa = PBXFileReference; fileEncoding = 4; lastKnownFileType = sourcecode.c.h; path = "UIFont+Alert.h"; sourceTree = "<group>"; };
		958650BA17CC39C8000DD252 /* UIFont+Alert.m */ = {isa = PBXFileReference; fileEncoding = 4; lastKnownFileType = sourcecode.c.objc; path = "UIFont+Alert.m"; sourceTree = "<group>"; };
		958650BB17CC39C8000DD252 /* UIView+Animations.h */ = {isa = PBXFileReference; fileEncoding = 4; lastKnownFileType = sourcecode.c.h; path = "UIView+Animations.h"; sourceTree = "<group>"; };
		958650BC17CC39C8000DD252 /* UIView+Animations.m */ = {isa = PBXFileReference; fileEncoding = 4; lastKnownFileType = sourcecode.c.objc; path = "UIView+Animations.m"; sourceTree = "<group>"; };
		958650BD17CC39C8000DD252 /* MBAlertView.h */ = {isa = PBXFileReference; fileEncoding = 4; lastKnownFileType = sourcecode.c.h; path = MBAlertView.h; sourceTree = "<group>"; };
		958650BE17CC39C8000DD252 /* MBAlertView.m */ = {isa = PBXFileReference; fileEncoding = 4; lastKnownFileType = sourcecode.c.objc; path = MBAlertView.m; sourceTree = "<group>"; };
		958650BF17CC39C8000DD252 /* MBHUDView.h */ = {isa = PBXFileReference; fileEncoding = 4; lastKnownFileType = sourcecode.c.h; path = MBHUDView.h; sourceTree = "<group>"; };
		958650C017CC39C8000DD252 /* MBHUDView.m */ = {isa = PBXFileReference; fileEncoding = 4; lastKnownFileType = sourcecode.c.objc; path = MBHUDView.m; sourceTree = "<group>"; };
		958650C217CC39C8000DD252 /* MBAlertViewItem.h */ = {isa = PBXFileReference; fileEncoding = 4; lastKnownFileType = sourcecode.c.h; path = MBAlertViewItem.h; sourceTree = "<group>"; };
		958650C317CC39C8000DD252 /* MBAlertViewItem.m */ = {isa = PBXFileReference; fileEncoding = 4; lastKnownFileType = sourcecode.c.objc; path = MBAlertViewItem.m; sourceTree = "<group>"; };
		958650C417CC39C8000DD252 /* MBAlertViewSubclass.h */ = {isa = PBXFileReference; fileEncoding = 4; lastKnownFileType = sourcecode.c.h; path = MBAlertViewSubclass.h; sourceTree = "<group>"; };
		958650C617CC39C8000DD252 /* AlertViewUI.h */ = {isa = PBXFileReference; fileEncoding = 4; lastKnownFileType = sourcecode.c.h; path = AlertViewUI.h; sourceTree = "<group>"; };
		958650C717CC39C8000DD252 /* MBAlertViewButton.h */ = {isa = PBXFileReference; fileEncoding = 4; lastKnownFileType = sourcecode.c.h; path = MBAlertViewButton.h; sourceTree = "<group>"; };
		958650C817CC39C8000DD252 /* MBAlertViewButton.m */ = {isa = PBXFileReference; fileEncoding = 4; lastKnownFileType = sourcecode.c.objc; path = MBAlertViewButton.m; sourceTree = "<group>"; };
		958650C917CC39C8000DD252 /* MBCheckMarkView.h */ = {isa = PBXFileReference; fileEncoding = 4; lastKnownFileType = sourcecode.c.h; path = MBCheckMarkView.h; sourceTree = "<group>"; };
		958650CA17CC39C8000DD252 /* MBCheckMarkView.m */ = {isa = PBXFileReference; fileEncoding = 4; lastKnownFileType = sourcecode.c.objc; path = MBCheckMarkView.m; sourceTree = "<group>"; };
		958650CB17CC39C8000DD252 /* MBSpinningCircle.h */ = {isa = PBXFileReference; fileEncoding = 4; lastKnownFileType = sourcecode.c.h; path = MBSpinningCircle.h; sourceTree = "<group>"; };
		958650CC17CC39C8000DD252 /* MBSpinningCircle.m */ = {isa = PBXFileReference; fileEncoding = 4; lastKnownFileType = sourcecode.c.objc; path = MBSpinningCircle.m; sourceTree = "<group>"; };
		958650D617CC3B1F000DD252 /* QuartzCore.framework */ = {isa = PBXFileReference; lastKnownFileType = wrapper.framework; name = QuartzCore.framework; path = System/Library/Frameworks/QuartzCore.framework; sourceTree = SDKROOT; };
		958650D817CC94FC000DD252 /* AudioToolbox.framework */ = {isa = PBXFileReference; lastKnownFileType = wrapper.framework; name = AudioToolbox.framework; path = System/Library/Frameworks/AudioToolbox.framework; sourceTree = SDKROOT; };
		958650DA17CCADE7000DD252 /* DRTools.h */ = {isa = PBXFileReference; fileEncoding = 4; lastKnownFileType = sourcecode.c.h; path = DRTools.h; sourceTree = "<group>"; };
		958650DB17CCADE7000DD252 /* DRTools.m */ = {isa = PBXFileReference; fileEncoding = 4; lastKnownFileType = sourcecode.c.objc; path = DRTools.m; sourceTree = "<group>"; };
		9586511C17CEDF23000DD252 /* QuestionView.h */ = {isa = PBXFileReference; fileEncoding = 4; lastKnownFileType = sourcecode.c.h; path = QuestionView.h; sourceTree = "<group>"; };
		9586511D17CEDF23000DD252 /* QuestionView.m */ = {isa = PBXFileReference; fileEncoding = 4; lastKnownFileType = sourcecode.c.objc; path = QuestionView.m; sourceTree = "<group>"; };
		9586512017CEDFB4000DD252 /* MCTopAligningLabel.m */ = {isa = PBXFileReference; fileEncoding = 4; lastKnownFileType = sourcecode.c.objc; path = MCTopAligningLabel.m; sourceTree = "<group>"; };
		9586512217CEE297000DD252 /* MCTopAligningLabel.h */ = {isa = PBXFileReference; fileEncoding = 4; lastKnownFileType = sourcecode.c.h; path = MCTopAligningLabel.h; sourceTree = "<group>"; };
		9586512317CEE2C9000DD252 /* UILabel+CalHeight.h */ = {isa = PBXFileReference; fileEncoding = 4; lastKnownFileType = sourcecode.c.h; path = "UILabel+CalHeight.h"; sourceTree = "<group>"; };
		9586512417CEE2C9000DD252 /* UILabel+CalHeight.m */ = {isa = PBXFileReference; fileEncoding = 4; lastKnownFileType = sourcecode.c.objc; path = "UILabel+CalHeight.m"; sourceTree = "<group>"; };
		9586512617CEED28000DD252 /* LeftQuestionView.h */ = {isa = PBXFileReference; fileEncoding = 4; lastKnownFileType = sourcecode.c.h; path = LeftQuestionView.h; sourceTree = "<group>"; };
		9586512717CEED28000DD252 /* LeftQuestionView.m */ = {isa = PBXFileReference; fileEncoding = 4; lastKnownFileType = sourcecode.c.objc; path = LeftQuestionView.m; sourceTree = "<group>"; };
		9586512917CF36DB000DD252 /* PopoverView.h */ = {isa = PBXFileReference; fileEncoding = 4; lastKnownFileType = sourcecode.c.h; path = PopoverView.h; sourceTree = "<group>"; };
		9586512A17CF36DC000DD252 /* PopoverView.m */ = {isa = PBXFileReference; fileEncoding = 4; lastKnownFileType = sourcecode.c.objc; path = PopoverView.m; sourceTree = "<group>"; };
		9586512D17CF4C3E000DD252 /* playVC_Back.png */ = {isa = PBXFileReference; lastKnownFileType = image.png; path = playVC_Back.png; sourceTree = "<group>"; };
		9586512E17CF4C3E000DD252 /* playVC_pause.png */ = {isa = PBXFileReference; lastKnownFileType = image.png; path = playVC_pause.png; sourceTree = "<group>"; };
		9586512F17CF4C3E000DD252 /* playVC_play.png */ = {isa = PBXFileReference; lastKnownFileType = image.png; path = playVC_play.png; sourceTree = "<group>"; };
		9586513017CF4C3E000DD252 /* playVC_pullButton.png */ = {isa = PBXFileReference; lastKnownFileType = image.png; path = playVC_pullButton.png; sourceTree = "<group>"; };
		9586513117CF4C3E000DD252 /* playVC_seekBack.png */ = {isa = PBXFileReference; lastKnownFileType = image.png; path = playVC_seekBack.png; sourceTree = "<group>"; };
		9586513217CF4C3E000DD252 /* playVC_seekForward.png */ = {isa = PBXFileReference; lastKnownFileType = image.png; path = playVC_seekForward.png; sourceTree = "<group>"; };
		9586513917CF4E32000DD252 /* video.mp4 */ = {isa = PBXFileReference; lastKnownFileType = file; path = video.mp4; sourceTree = "<group>"; };
		9586513B17CF9BC6000DD252 /* playVC_volume_button.png */ = {isa = PBXFileReference; lastKnownFileType = image.png; path = playVC_volume_button.png; sourceTree = "<group>"; };
		9586513C17CF9BC6000DD252 /* playVC_volume_slider.png */ = {isa = PBXFileReference; lastKnownFileType = image.png; path = playVC_volume_slider.png; sourceTree = "<group>"; };
		9586513F17CFA15E000DD252 /* playVC_play_slider.png */ = {isa = PBXFileReference; lastKnownFileType = image.png; path = playVC_play_slider.png; sourceTree = "<group>"; };
		9586514117CFA3E2000DD252 /* playVC_play_point.png */ = {isa = PBXFileReference; lastKnownFileType = image.png; path = playVC_play_point.png; sourceTree = "<group>"; };
		9586514417D0355F000DD252 /* AskViewController.h */ = {isa = PBXFileReference; fileEncoding = 4; lastKnownFileType = sourcecode.c.h; path = AskViewController.h; sourceTree = "<group>"; };
		9586514517D0355F000DD252 /* AskViewController.m */ = {isa = PBXFileReference; fileEncoding = 4; lastKnownFileType = sourcecode.c.objc; path = AskViewController.m; sourceTree = "<group>"; };
		9586514B17D03763000DD252 /* AskViewVC.xib */ = {isa = PBXFileReference; fileEncoding = 4; lastKnownFileType = file.xib; path = AskViewVC.xib; sourceTree = "<group>"; };
		9586514D17D05D64000DD252 /* ask_nav_banner.png */ = {isa = PBXFileReference; lastKnownFileType = image.png; path = ask_nav_banner.png; sourceTree = "<group>"; };
		9586514E17D05D64000DD252 /* ask_pop_button.png */ = {isa = PBXFileReference; lastKnownFileType = image.png; path = ask_pop_button.png; sourceTree = "<group>"; };
		9586515117D0621F000DD252 /* playVC_ask_button.png */ = {isa = PBXFileReference; lastKnownFileType = image.png; path = playVC_ask_button.png; sourceTree = "<group>"; };
		9586515217D0621F000DD252 /* playVC_line.png */ = {isa = PBXFileReference; lastKnownFileType = image.png; path = playVC_line.png; sourceTree = "<group>"; };
		9586515517D06E9D000DD252 /* SSTextView.h */ = {isa = PBXFileReference; fileEncoding = 4; lastKnownFileType = sourcecode.c.h; path = SSTextView.h; sourceTree = "<group>"; };
		9586515617D06E9D000DD252 /* SSTextView.m */ = {isa = PBXFileReference; fileEncoding = 4; lastKnownFileType = sourcecode.c.objc; path = SSTextView.m; sourceTree = "<group>"; };
		9586515817D074DB000DD252 /* ask_line.png */ = {isa = PBXFileReference; lastKnownFileType = image.png; path = ask_line.png; sourceTree = "<group>"; };
		9586515B17D07C10000DD252 /* ButtonsView.h */ = {isa = PBXFileReference; fileEncoding = 4; lastKnownFileType = sourcecode.c.h; path = ButtonsView.h; sourceTree = "<group>"; };
		9586515C17D07C10000DD252 /* ButtonsView.m */ = {isa = PBXFileReference; fileEncoding = 4; lastKnownFileType = sourcecode.c.objc; path = ButtonsView.m; sourceTree = "<group>"; };
		9586515D17D07C10000DD252 /* PhotoWallView.h */ = {isa = PBXFileReference; fileEncoding = 4; lastKnownFileType = sourcecode.c.h; path = PhotoWallView.h; sourceTree = "<group>"; };
		9586515E17D07C10000DD252 /* PhotoWallView.m */ = {isa = PBXFileReference; fileEncoding = 4; lastKnownFileType = sourcecode.c.objc; path = PhotoWallView.m; sourceTree = "<group>"; };
		9586516117D07D97000DD252 /* AskUploadView.h */ = {isa = PBXFileReference; fileEncoding = 4; lastKnownFileType = sourcecode.c.h; path = AskUploadView.h; sourceTree = "<group>"; };
		9586516217D07D97000DD252 /* AskUploadView.m */ = {isa = PBXFileReference; fileEncoding = 4; lastKnownFileType = sourcecode.c.objc; path = AskUploadView.m; sourceTree = "<group>"; };
		9586516417D07FD1000DD252 /* ask_add_Image.png */ = {isa = PBXFileReference; lastKnownFileType = image.png; path = ask_add_Image.png; sourceTree = "<group>"; };
		9586516517D07FD1000DD252 /* ask_addImage_bg.png */ = {isa = PBXFileReference; lastKnownFileType = image.png; path = ask_addImage_bg.png; sourceTree = "<group>"; };
		9586516617D07FD1000DD252 /* ask_del_button.png */ = {isa = PBXFileReference; lastKnownFileType = image.png; path = ask_del_button.png; sourceTree = "<group>"; };
		9586516A17D08A6D000DD252 /* test9@2x.png */ = {isa = PBXFileReference; lastKnownFileType = image.png; path = "test9@2x.png"; sourceTree = "<group>"; };
		9586516B17D08A6D000DD252 /* test10@2x.png */ = {isa = PBXFileReference; lastKnownFileType = image.png; path = "test10@2x.png"; sourceTree = "<group>"; };
		9586516F17D08DF8000DD252 /* microphone.png */ = {isa = PBXFileReference; lastKnownFileType = image.png; path = microphone.png; sourceTree = "<group>"; };
		9586517017D08DF8000DD252 /* POVoiceHUD.h */ = {isa = PBXFileReference; fileEncoding = 4; lastKnownFileType = sourcecode.c.h; path = POVoiceHUD.h; sourceTree = "<group>"; };
		9586517117D08DF8000DD252 /* POVoiceHUD.m */ = {isa = PBXFileReference; fileEncoding = 4; lastKnownFileType = sourcecode.c.objc; path = POVoiceHUD.m; sourceTree = "<group>"; };
		9586517217D08DF8000DD252 /* POVoiceHUDDelegate.h */ = {isa = PBXFileReference; fileEncoding = 4; lastKnownFileType = sourcecode.c.h; path = POVoiceHUDDelegate.h; sourceTree = "<group>"; };
		9586517517D091A4000DD252 /* AVFoundation.framework */ = {isa = PBXFileReference; lastKnownFileType = wrapper.framework; name = AVFoundation.framework; path = System/Library/Frameworks/AVFoundation.framework; sourceTree = SDKROOT; };
		9586517B17D099F2000DD252 /* ask_record_button.png */ = {isa = PBXFileReference; lastKnownFileType = image.png; path = ask_record_button.png; sourceTree = "<group>"; };
		9586517C17D099F3000DD252 /* ask_record.png */ = {isa = PBXFileReference; lastKnownFileType = image.png; path = ask_record.png; sourceTree = "<group>"; };
		95A46ABD17D0FE4F0068948B /* ask_record_delbutton.png */ = {isa = PBXFileReference; lastKnownFileType = image.png; path = ask_record_delbutton.png; sourceTree = "<group>"; };
		95A46ABF17D21C600068948B /* askv_voice_play1.png */ = {isa = PBXFileReference; lastKnownFileType = image.png; path = askv_voice_play1.png; sourceTree = "<group>"; };
		95A46AC017D21C600068948B /* askv_voice_play2.png */ = {isa = PBXFileReference; lastKnownFileType = image.png; path = askv_voice_play2.png; sourceTree = "<group>"; };
		95A46AC117D21C600068948B /* askv_voice_play3.png */ = {isa = PBXFileReference; lastKnownFileType = image.png; path = askv_voice_play3.png; sourceTree = "<group>"; };
		95A46AC517D24AF60068948B /* AskPictureModel.h */ = {isa = PBXFileReference; fileEncoding = 4; lastKnownFileType = sourcecode.c.h; path = AskPictureModel.h; sourceTree = "<group>"; };
		95A46AC617D24AF60068948B /* AskPictureModel.m */ = {isa = PBXFileReference; fileEncoding = 4; lastKnownFileType = sourcecode.c.objc; path = AskPictureModel.m; sourceTree = "<group>"; };
		95A46AC817D250CE0068948B /* ask_add_picture.png */ = {isa = PBXFileReference; lastKnownFileType = image.png; path = ask_add_picture.png; sourceTree = "<group>"; };
		95A46ACB17D257530068948B /* Marcos.h */ = {isa = PBXFileReference; fileEncoding = 4; lastKnownFileType = sourcecode.c.h; path = Marcos.h; sourceTree = "<group>"; };
		95A46ACD17D2EA0F0068948B /* UIImage+Alpha.h */ = {isa = PBXFileReference; fileEncoding = 4; lastKnownFileType = sourcecode.c.h; path = "UIImage+Alpha.h"; sourceTree = "<group>"; };
		95A46ACE17D2EA0F0068948B /* UIImage+Alpha.m */ = {isa = PBXFileReference; fileEncoding = 4; lastKnownFileType = sourcecode.c.objc; path = "UIImage+Alpha.m"; sourceTree = "<group>"; };
		95A46ACF17D2EA0F0068948B /* UIImage+Resize.h */ = {isa = PBXFileReference; fileEncoding = 4; lastKnownFileType = sourcecode.c.h; path = "UIImage+Resize.h"; sourceTree = "<group>"; };
		95A46AD017D2EA0F0068948B /* UIImage+Resize.m */ = {isa = PBXFileReference; fileEncoding = 4; lastKnownFileType = sourcecode.c.objc; path = "UIImage+Resize.m"; sourceTree = "<group>"; };
		95A46AD117D2EA0F0068948B /* UIImage+RoundedCorner.h */ = {isa = PBXFileReference; fileEncoding = 4; lastKnownFileType = sourcecode.c.h; path = "UIImage+RoundedCorner.h"; sourceTree = "<group>"; };
		95A46AD217D2EA0F0068948B /* UIImage+RoundedCorner.m */ = {isa = PBXFileReference; fileEncoding = 4; lastKnownFileType = sourcecode.c.objc; path = "UIImage+RoundedCorner.m"; sourceTree = "<group>"; };
		95A46AD317D2EA0F0068948B /* UIImage-Extensions.h */ = {isa = PBXFileReference; fileEncoding = 4; lastKnownFileType = sourcecode.c.h; path = "UIImage-Extensions.h"; sourceTree = "<group>"; };
		95A46AD417D2EA0F0068948B /* UIImage-Extensions.m */ = {isa = PBXFileReference; fileEncoding = 4; lastKnownFileType = sourcecode.c.objc; path = "UIImage-Extensions.m"; sourceTree = "<group>"; };
		95A46AD917D340710068948B /* ask_submit_button.png */ = {isa = PBXFileReference; lastKnownFileType = image.png; path = ask_submit_button.png; sourceTree = "<group>"; };
/* End PBXFileReference section */

/* Begin PBXFrameworksBuildPhase section */
		9535688C17CAE98C00F10339 /* Frameworks */ = {
			isa = PBXFrameworksBuildPhase;
			buildActionMask = 2147483647;
			files = (
				9586517617D091A4000DD252 /* AVFoundation.framework in Frameworks */,
				958650D917CC94FC000DD252 /* AudioToolbox.framework in Frameworks */,
				958650D717CC3B1F000DD252 /* QuartzCore.framework in Frameworks */,
				953568BA17CAFECD00F10339 /* MediaPlayer.framework in Frameworks */,
				9535689317CAE98C00F10339 /* UIKit.framework in Frameworks */,
				9535689517CAE98C00F10339 /* Foundation.framework in Frameworks */,
				9535689717CAE98C00F10339 /* CoreGraphics.framework in Frameworks */,
			);
			runOnlyForDeploymentPostprocessing = 0;
		};
/* End PBXFrameworksBuildPhase section */

/* Begin PBXGroup section */
		9535688617CAE98C00F10339 = {
			isa = PBXGroup;
			children = (
				95A46ACC17D2EA0F0068948B /* 照片压缩 */,
				9586516E17D08DF8000DD252 /* 录音 */,
				9586514317D0354A000DD252 /* 提问 */,
				9586512C17CF4C3E000DD252 /* 图片资源 */,
				958650B417CC39C8000DD252 /* 第三方库 */,
				9535689817CAE98C00F10339 /* PlayerTest */,
				9535689117CAE98C00F10339 /* Frameworks */,
				9535689017CAE98C00F10339 /* Products */,
			);
			sourceTree = "<group>";
		};
		9535689017CAE98C00F10339 /* Products */ = {
			isa = PBXGroup;
			children = (
				9535688F17CAE98C00F10339 /* PlayerTest.app */,
			);
			name = Products;
			sourceTree = "<group>";
		};
		9535689117CAE98C00F10339 /* Frameworks */ = {
			isa = PBXGroup;
			children = (
				9586517517D091A4000DD252 /* AVFoundation.framework */,
				958650D817CC94FC000DD252 /* AudioToolbox.framework */,
				958650D617CC3B1F000DD252 /* QuartzCore.framework */,
				953568B917CAFECD00F10339 /* MediaPlayer.framework */,
				9535689217CAE98C00F10339 /* UIKit.framework */,
				9535689417CAE98C00F10339 /* Foundation.framework */,
				9535689617CAE98C00F10339 /* CoreGraphics.framework */,
			);
			name = Frameworks;
			sourceTree = "<group>";
		};
		9535689817CAE98C00F10339 /* PlayerTest */ = {
			isa = PBXGroup;
			children = (
				9586513917CF4E32000DD252 /* video.mp4 */,
				9586511C17CEDF23000DD252 /* QuestionView.h */,
				9586511D17CEDF23000DD252 /* QuestionView.m */,
				958650DA17CCADE7000DD252 /* DRTools.h */,
				958650DB17CCADE7000DD252 /* DRTools.m */,
				954F2E1C17CB61CC00E0ED31 /* IMG_0024.MOV */,
				953568BB17CB511400F10339 /* haku.mov */,
				953568A117CAE98C00F10339 /* AppDelegate.h */,
				953568A217CAE98C00F10339 /* AppDelegate.m */,
				953568AA17CAE98C00F10339 /* ViewController.h */,
				953568AB17CAE98C00F10339 /* ViewController.m */,
				953568AD17CAE98C00F10339 /* ViewController.xib */,
				9535689917CAE98C00F10339 /* Supporting Files */,
			);
			path = PlayerTest;
			sourceTree = "<group>";
		};
		9535689917CAE98C00F10339 /* Supporting Files */ = {
			isa = PBXGroup;
			children = (
				9535689A17CAE98C00F10339 /* PlayerTest-Info.plist */,
				9535689B17CAE98C00F10339 /* InfoPlist.strings */,
				9535689E17CAE98C00F10339 /* main.m */,
				953568A017CAE98C00F10339 /* PlayerTest-Prefix.pch */,
				953568A417CAE98C00F10339 /* Default.png */,
				953568A617CAE98C00F10339 /* Default@2x.png */,
				953568A817CAE98C00F10339 /* Default-568h@2x.png */,
			);
			name = "Supporting Files";
			sourceTree = "<group>";
		};
		958650B417CC39C8000DD252 /* 第三方库 */ = {
			isa = PBXGroup;
			children = (
				9586515517D06E9D000DD252 /* SSTextView.h */,
				9586515617D06E9D000DD252 /* SSTextView.m */,
				9586512917CF36DB000DD252 /* PopoverView.h */,
				9586512A17CF36DC000DD252 /* PopoverView.m */,
				9586512317CEE2C9000DD252 /* UILabel+CalHeight.h */,
				9586512417CEE2C9000DD252 /* UILabel+CalHeight.m */,
				9586512217CEE297000DD252 /* MCTopAligningLabel.h */,
				9586512017CEDFB4000DD252 /* MCTopAligningLabel.m */,
				958650B517CC39C8000DD252 /* MBAlertView */,
				9586512617CEED28000DD252 /* LeftQuestionView.h */,
				9586512717CEED28000DD252 /* LeftQuestionView.m */,
			);
			name = "第三方库";
			path = "PlayerTest/第三方库";
			sourceTree = "<group>";
		};
		958650B517CC39C8000DD252 /* MBAlertView */ = {
			isa = PBXGroup;
			children = (
				958650B617CC39C8000DD252 /* Categories */,
				958650BD17CC39C8000DD252 /* MBAlertView.h */,
				958650BE17CC39C8000DD252 /* MBAlertView.m */,
				958650BF17CC39C8000DD252 /* MBHUDView.h */,
				958650C017CC39C8000DD252 /* MBHUDView.m */,
				958650C117CC39C8000DD252 /* Protected */,
				958650C517CC39C8000DD252 /* Views */,
			);
			path = MBAlertView;
			sourceTree = "<group>";
		};
		958650B617CC39C8000DD252 /* Categories */ = {
			isa = PBXGroup;
			children = (
				958650B717CC39C8000DD252 /* NSString+Trim.h */,
				958650B817CC39C8000DD252 /* NSString+Trim.m */,
				958650B917CC39C8000DD252 /* UIFont+Alert.h */,
				958650BA17CC39C8000DD252 /* UIFont+Alert.m */,
				958650BB17CC39C8000DD252 /* UIView+Animations.h */,
				958650BC17CC39C8000DD252 /* UIView+Animations.m */,
			);
			path = Categories;
			sourceTree = "<group>";
		};
		958650C117CC39C8000DD252 /* Protected */ = {
			isa = PBXGroup;
			children = (
				958650C217CC39C8000DD252 /* MBAlertViewItem.h */,
				958650C317CC39C8000DD252 /* MBAlertViewItem.m */,
				958650C417CC39C8000DD252 /* MBAlertViewSubclass.h */,
			);
			path = Protected;
			sourceTree = "<group>";
		};
		958650C517CC39C8000DD252 /* Views */ = {
			isa = PBXGroup;
			children = (
				958650C617CC39C8000DD252 /* AlertViewUI.h */,
				958650C717CC39C8000DD252 /* MBAlertViewButton.h */,
				958650C817CC39C8000DD252 /* MBAlertViewButton.m */,
				958650C917CC39C8000DD252 /* MBCheckMarkView.h */,
				958650CA17CC39C8000DD252 /* MBCheckMarkView.m */,
				958650CB17CC39C8000DD252 /* MBSpinningCircle.h */,
				958650CC17CC39C8000DD252 /* MBSpinningCircle.m */,
			);
			path = Views;
			sourceTree = "<group>";
		};
		9586512C17CF4C3E000DD252 /* 图片资源 */ = {
			isa = PBXGroup;
			children = (
				95A46AD917D340710068948B /* ask_submit_button.png */,
				95A46AC817D250CE0068948B /* ask_add_picture.png */,
				95A46ABF17D21C600068948B /* askv_voice_play1.png */,
				95A46AC017D21C600068948B /* askv_voice_play2.png */,
				95A46AC117D21C600068948B /* askv_voice_play3.png */,
				95A46ABD17D0FE4F0068948B /* ask_record_delbutton.png */,
				9586517B17D099F2000DD252 /* ask_record_button.png */,
				9586517C17D099F3000DD252 /* ask_record.png */,
				9586516A17D08A6D000DD252 /* test9@2x.png */,
				9586516B17D08A6D000DD252 /* test10@2x.png */,
				9586516417D07FD1000DD252 /* ask_add_Image.png */,
				9586516517D07FD1000DD252 /* ask_addImage_bg.png */,
				9586516617D07FD1000DD252 /* ask_del_button.png */,
				9586515817D074DB000DD252 /* ask_line.png */,
				9586515117D0621F000DD252 /* playVC_ask_button.png */,
				9586515217D0621F000DD252 /* playVC_line.png */,
				9586514D17D05D64000DD252 /* ask_nav_banner.png */,
				9586514E17D05D64000DD252 /* ask_pop_button.png */,
				9586514117CFA3E2000DD252 /* playVC_play_point.png */,
				9586513F17CFA15E000DD252 /* playVC_play_slider.png */,
				9586513B17CF9BC6000DD252 /* playVC_volume_button.png */,
				9586513C17CF9BC6000DD252 /* playVC_volume_slider.png */,
				9586512D17CF4C3E000DD252 /* playVC_Back.png */,
				9586512E17CF4C3E000DD252 /* playVC_pause.png */,
				9586512F17CF4C3E000DD252 /* playVC_play.png */,
				9586513017CF4C3E000DD252 /* playVC_pullButton.png */,
				9586513117CF4C3E000DD252 /* playVC_seekBack.png */,
				9586513217CF4C3E000DD252 /* playVC_seekForward.png */,
			);
			name = "图片资源";
			path = "PlayerTest/图片资源";
			sourceTree = "<group>";
		};
		9586514317D0354A000DD252 /* 提问 */ = {
			isa = PBXGroup;
			children = (
				9586515A17D07C03000DD252 /* 照片墙 */,
				9586514B17D03763000DD252 /* AskViewVC.xib */,
				9586514417D0355F000DD252 /* AskViewController.h */,
				9586514517D0355F000DD252 /* AskViewController.m */,
				95A46ACB17D257530068948B /* Marcos.h */,
			);
			name = "提问";
			path = "PlayerTest/提问";
			sourceTree = "<group>";
		};
		9586515A17D07C03000DD252 /* 照片墙 */ = {
			isa = PBXGroup;
			children = (
				9586515B17D07C10000DD252 /* ButtonsView.h */,
				9586515C17D07C10000DD252 /* ButtonsView.m */,
				9586515D17D07C10000DD252 /* PhotoWallView.h */,
				9586515E17D07C10000DD252 /* PhotoWallView.m */,
				9586516117D07D97000DD252 /* AskUploadView.h */,
				9586516217D07D97000DD252 /* AskUploadView.m */,
				95A46AC517D24AF60068948B /* AskPictureModel.h */,
				95A46AC617D24AF60068948B /* AskPictureModel.m */,
			);
			path = "照片墙";
			sourceTree = "<group>";
		};
		9586516E17D08DF8000DD252 /* 录音 */ = {
			isa = PBXGroup;
			children = (
				9586516F17D08DF8000DD252 /* microphone.png */,
				9586517017D08DF8000DD252 /* POVoiceHUD.h */,
				9586517117D08DF8000DD252 /* POVoiceHUD.m */,
				9586517217D08DF8000DD252 /* POVoiceHUDDelegate.h */,
			);
			name = "录音";
			path = "PlayerTest/录音";
			sourceTree = "<group>";
		};
		95A46ACC17D2EA0F0068948B /* 照片压缩 */ = {
			isa = PBXGroup;
			children = (
				95A46ACD17D2EA0F0068948B /* UIImage+Alpha.h */,
				95A46ACE17D2EA0F0068948B /* UIImage+Alpha.m */,
				95A46ACF17D2EA0F0068948B /* UIImage+Resize.h */,
				95A46AD017D2EA0F0068948B /* UIImage+Resize.m */,
				95A46AD117D2EA0F0068948B /* UIImage+RoundedCorner.h */,
				95A46AD217D2EA0F0068948B /* UIImage+RoundedCorner.m */,
				95A46AD317D2EA0F0068948B /* UIImage-Extensions.h */,
				95A46AD417D2EA0F0068948B /* UIImage-Extensions.m */,
			);
			name = "照片压缩";
			path = "PlayerTest/照片压缩";
			sourceTree = "<group>";
		};
/* End PBXGroup section */

/* Begin PBXNativeTarget section */
		9535688E17CAE98C00F10339 /* PlayerTest */ = {
			isa = PBXNativeTarget;
			buildConfigurationList = 953568B217CAE98C00F10339 /* Build configuration list for PBXNativeTarget "PlayerTest" */;
			buildPhases = (
				9535688B17CAE98C00F10339 /* Sources */,
				9535688C17CAE98C00F10339 /* Frameworks */,
				9535688D17CAE98C00F10339 /* Resources */,
			);
			buildRules = (
			);
			dependencies = (
			);
			name = PlayerTest;
			productName = PlayerTest;
			productReference = 9535688F17CAE98C00F10339 /* PlayerTest.app */;
			productType = "com.apple.product-type.application";
		};
/* End PBXNativeTarget section */

/* Begin PBXProject section */
		9535688717CAE98C00F10339 /* Project object */ = {
			isa = PBXProject;
			attributes = {
				LastUpgradeCheck = 0460;
				ORGANIZATIONNAME = doujingxuan;
			};
			buildConfigurationList = 9535688A17CAE98C00F10339 /* Build configuration list for PBXProject "PlayerTest" */;
			compatibilityVersion = "Xcode 3.2";
			developmentRegion = English;
			hasScannedForEncodings = 0;
			knownRegions = (
				en,
			);
			mainGroup = 9535688617CAE98C00F10339;
			productRefGroup = 9535689017CAE98C00F10339 /* Products */;
			projectDirPath = "";
			projectRoot = "";
			targets = (
				9535688E17CAE98C00F10339 /* PlayerTest */,
			);
		};
/* End PBXProject section */

/* Begin PBXResourcesBuildPhase section */
		9535688D17CAE98C00F10339 /* Resources */ = {
			isa = PBXResourcesBuildPhase;
			buildActionMask = 2147483647;
			files = (
				9535689D17CAE98C00F10339 /* InfoPlist.strings in Resources */,
				953568A517CAE98C00F10339 /* Default.png in Resources */,
				953568A717CAE98C00F10339 /* Default@2x.png in Resources */,
				953568A917CAE98C00F10339 /* Default-568h@2x.png in Resources */,
				953568AF17CAE98C00F10339 /* ViewController.xib in Resources */,
				953568BC17CB511400F10339 /* haku.mov in Resources */,
				954F2E1D17CB61CC00E0ED31 /* IMG_0024.MOV in Resources */,
				9586513317CF4C3E000DD252 /* playVC_Back.png in Resources */,
				9586513417CF4C3E000DD252 /* playVC_pause.png in Resources */,
				9586513517CF4C3E000DD252 /* playVC_play.png in Resources */,
				9586513617CF4C3E000DD252 /* playVC_pullButton.png in Resources */,
				9586513717CF4C3E000DD252 /* playVC_seekBack.png in Resources */,
				9586513817CF4C3E000DD252 /* playVC_seekForward.png in Resources */,
				9586513A17CF4E32000DD252 /* video.mp4 in Resources */,
				9586513D17CF9BC6000DD252 /* playVC_volume_button.png in Resources */,
				9586513E17CF9BC6000DD252 /* playVC_volume_slider.png in Resources */,
				9586514017CFA15F000DD252 /* playVC_play_slider.png in Resources */,
				9586514217CFA3E2000DD252 /* playVC_play_point.png in Resources */,
				9586514C17D03763000DD252 /* AskViewVC.xib in Resources */,
				9586514F17D05D64000DD252 /* ask_nav_banner.png in Resources */,
				9586515017D05D64000DD252 /* ask_pop_button.png in Resources */,
				9586515317D0621F000DD252 /* playVC_ask_button.png in Resources */,
				9586515417D0621F000DD252 /* playVC_line.png in Resources */,
				9586515917D074DB000DD252 /* ask_line.png in Resources */,
				9586516717D07FD1000DD252 /* ask_add_Image.png in Resources */,
				9586516817D07FD1000DD252 /* ask_addImage_bg.png in Resources */,
				9586516917D07FD1000DD252 /* ask_del_button.png in Resources */,
				9586516C17D08A6D000DD252 /* test9@2x.png in Resources */,
				9586516D17D08A6D000DD252 /* test10@2x.png in Resources */,
				9586517317D08DF8000DD252 /* microphone.png in Resources */,
				9586517D17D099F3000DD252 /* ask_record_button.png in Resources */,
				9586517E17D099F3000DD252 /* ask_record.png in Resources */,
				95A46ABE17D0FE4F0068948B /* ask_record_delbutton.png in Resources */,
				95A46AC217D21C600068948B /* askv_voice_play1.png in Resources */,
				95A46AC317D21C600068948B /* askv_voice_play2.png in Resources */,
				95A46AC417D21C600068948B /* askv_voice_play3.png in Resources */,
				95A46AC917D250CE0068948B /* ask_add_picture.png in Resources */,
				95A46ADA17D340710068948B /* ask_submit_button.png in Resources */,
			);
			runOnlyForDeploymentPostprocessing = 0;
		};
/* End PBXResourcesBuildPhase section */

/* Begin PBXSourcesBuildPhase section */
		9535688B17CAE98C00F10339 /* Sources */ = {
			isa = PBXSourcesBuildPhase;
			buildActionMask = 2147483647;
			files = (
				9535689F17CAE98C00F10339 /* main.m in Sources */,
				953568A317CAE98C00F10339 /* AppDelegate.m in Sources */,
				953568AC17CAE98C00F10339 /* ViewController.m in Sources */,
				958650CD17CC39C8000DD252 /* NSString+Trim.m in Sources */,
				958650CE17CC39C8000DD252 /* UIFont+Alert.m in Sources */,
				958650CF17CC39C8000DD252 /* UIView+Animations.m in Sources */,
				958650D017CC39C8000DD252 /* MBAlertView.m in Sources */,
				958650D117CC39C8000DD252 /* MBHUDView.m in Sources */,
				958650D217CC39C8000DD252 /* MBAlertViewItem.m in Sources */,
				958650D317CC39C8000DD252 /* MBAlertViewButton.m in Sources */,
				958650D417CC39C8000DD252 /* MBCheckMarkView.m in Sources */,
				958650D517CC39C8000DD252 /* MBSpinningCircle.m in Sources */,
				958650DC17CCADE7000DD252 /* DRTools.m in Sources */,
				9586511E17CEDF23000DD252 /* QuestionView.m in Sources */,
				9586512117CEDFB4000DD252 /* MCTopAligningLabel.m in Sources */,
				9586512517CEE2C9000DD252 /* UILabel+CalHeight.m in Sources */,
				9586512817CEED28000DD252 /* LeftQuestionView.m in Sources */,
				9586512B17CF36DC000DD252 /* PopoverView.m in Sources */,
				9586514617D0355F000DD252 /* AskViewController.m in Sources */,
				9586515717D06E9D000DD252 /* SSTextView.m in Sources */,
				9586515F17D07C10000DD252 /* ButtonsView.m in Sources */,
				9586516017D07C10000DD252 /* PhotoWallView.m in Sources */,
				9586516317D07D97000DD252 /* AskUploadView.m in Sources */,
				9586517417D08DF8000DD252 /* POVoiceHUD.m in Sources */,
				95A46AC717D24AF60068948B /* AskPictureModel.m in Sources */,
				95A46AD517D2EA0F0068948B /* UIImage+Alpha.m in Sources */,
				95A46AD617D2EA0F0068948B /* UIImage+Resize.m in Sources */,
				95A46AD717D2EA0F0068948B /* UIImage+RoundedCorner.m in Sources */,
				95A46AD817D2EA0F0068948B /* UIImage-Extensions.m in Sources */,
			);
			runOnlyForDeploymentPostprocessing = 0;
		};
/* End PBXSourcesBuildPhase section */

/* Begin PBXVariantGroup section */
		9535689B17CAE98C00F10339 /* InfoPlist.strings */ = {
			isa = PBXVariantGroup;
			children = (
				9535689C17CAE98C00F10339 /* en */,
			);
			name = InfoPlist.strings;
			sourceTree = "<group>";
		};
		953568AD17CAE98C00F10339 /* ViewController.xib */ = {
			isa = PBXVariantGroup;
			children = (
				953568AE17CAE98C00F10339 /* en */,
			);
			name = ViewController.xib;
			sourceTree = "<group>";
		};
/* End PBXVariantGroup section */

/* Begin XCBuildConfiguration section */
		953568B017CAE98C00F10339 /* Debug */ = {
			isa = XCBuildConfiguration;
			buildSettings = {
				ALWAYS_SEARCH_USER_PATHS = NO;
				CLANG_CXX_LANGUAGE_STANDARD = "gnu++0x";
				CLANG_CXX_LIBRARY = "libc++";
				CLANG_WARN_CONSTANT_CONVERSION = YES;
				CLANG_WARN_EMPTY_BODY = YES;
				CLANG_WARN_ENUM_CONVERSION = YES;
				CLANG_WARN_INT_CONVERSION = YES;
				CLANG_WARN__DUPLICATE_METHOD_MATCH = YES;
				"CODE_SIGN_IDENTITY[sdk=iphoneos*]" = "iPhone Developer";
				COPY_PHASE_STRIP = NO;
				GCC_C_LANGUAGE_STANDARD = gnu99;
				GCC_DYNAMIC_NO_PIC = NO;
				GCC_OPTIMIZATION_LEVEL = 0;
				GCC_PREPROCESSOR_DEFINITIONS = (
					"DEBUG=1",
					"$(inherited)",
				);
				GCC_SYMBOLS_PRIVATE_EXTERN = NO;
				GCC_WARN_ABOUT_RETURN_TYPE = YES;
				GCC_WARN_UNINITIALIZED_AUTOS = YES;
				GCC_WARN_UNUSED_VARIABLE = YES;
				IPHONEOS_DEPLOYMENT_TARGET = 6.1;
				ONLY_ACTIVE_ARCH = YES;
				SDKROOT = iphoneos;
				TARGETED_DEVICE_FAMILY = 2;
			};
			name = Debug;
		};
		953568B117CAE98C00F10339 /* Release */ = {
			isa = XCBuildConfiguration;
			buildSettings = {
				ALWAYS_SEARCH_USER_PATHS = NO;
				CLANG_CXX_LANGUAGE_STANDARD = "gnu++0x";
				CLANG_CXX_LIBRARY = "libc++";
				CLANG_WARN_CONSTANT_CONVERSION = YES;
				CLANG_WARN_EMPTY_BODY = YES;
				CLANG_WARN_ENUM_CONVERSION = YES;
				CLANG_WARN_INT_CONVERSION = YES;
				CLANG_WARN__DUPLICATE_METHOD_MATCH = YES;
				"CODE_SIGN_IDENTITY[sdk=iphoneos*]" = "iPhone Developer";
				COPY_PHASE_STRIP = YES;
				GCC_C_LANGUAGE_STANDARD = gnu99;
				GCC_WARN_ABOUT_RETURN_TYPE = YES;
				GCC_WARN_UNINITIALIZED_AUTOS = YES;
				GCC_WARN_UNUSED_VARIABLE = YES;
				IPHONEOS_DEPLOYMENT_TARGET = 6.1;
				OTHER_CFLAGS = "-DNS_BLOCK_ASSERTIONS=1";
				SDKROOT = iphoneos;
				TARGETED_DEVICE_FAMILY = 2;
				VALIDATE_PRODUCT = YES;
			};
			name = Release;
		};
		953568B317CAE98C00F10339 /* Debug */ = {
			isa = XCBuildConfiguration;
			buildSettings = {
				GCC_PRECOMPILE_PREFIX_HEADER = YES;
				GCC_PREFIX_HEADER = "PlayerTest/PlayerTest-Prefix.pch";
				INFOPLIST_FILE = "PlayerTest/PlayerTest-Info.plist";
				IPHONEOS_DEPLOYMENT_TARGET = 6.1;
				PRODUCT_NAME = "$(TARGET_NAME)";
				TARGETED_DEVICE_FAMILY = 2;
				WRAPPER_EXTENSION = app;
			};
			name = Debug;
		};
		953568B417CAE98C00F10339 /* Release */ = {
			isa = XCBuildConfiguration;
			buildSettings = {
				GCC_PRECOMPILE_PREFIX_HEADER = YES;
				GCC_PREFIX_HEADER = "PlayerTest/PlayerTest-Prefix.pch";
				INFOPLIST_FILE = "PlayerTest/PlayerTest-Info.plist";
				IPHONEOS_DEPLOYMENT_TARGET = 6.1;
				PRODUCT_NAME = "$(TARGET_NAME)";
				TARGETED_DEVICE_FAMILY = 2;
				WRAPPER_EXTENSION = app;
			};
			name = Release;
		};
/* End XCBuildConfiguration section */

/* Begin XCConfigurationList section */
		9535688A17CAE98C00F10339 /* Build configuration list for PBXProject "PlayerTest" */ = {
			isa = XCConfigurationList;
			buildConfigurations = (
				953568B017CAE98C00F10339 /* Debug */,
				953568B117CAE98C00F10339 /* Release */,
			);
			defaultConfigurationIsVisible = 0;
			defaultConfigurationName = Release;
		};
		953568B217CAE98C00F10339 /* Build configuration list for PBXNativeTarget "PlayerTest" */ = {
			isa = XCConfigurationList;
			buildConfigurations = (
				953568B317CAE98C00F10339 /* Debug */,
				953568B417CAE98C00F10339 /* Release */,
			);
			defaultConfigurationIsVisible = 0;
			defaultConfigurationName = Release;
		};
/* End XCConfigurationList section */
	};
	rootObject = 9535688717CAE98C00F10339 /* Project object */;
}
